
Microsoft Visual Studio Solution File, Format Version 12.00
# Visual Studio Version 16
VisualStudioVersion = 16.0.30804.86
MinimumVisualStudioVersion = 10.0.40219.1
Project("{9A19103F-16F7-4668-BE54-9A1E7A4F7556}") = "API", "API\API.csproj", "{710CD18E-3C95-4EA0-869B-D813EB51C4AF}"
EndProject
Project("{9A19103F-16F7-4668-BE54-9A1E7A4F7556}") = "Domain", "Domain\Domain.csproj", "{4EF14A89-533F-4C63-824F-2410D82FE9C5}"
EndProject
Project("{9A19103F-16F7-4668-BE54-9A1E7A4F7556}") = "Persistence", "Persistence\Persistence.csproj", "{C32CC885-FE93-478A-B2FB-2A31FD0DAC94}"
EndProject
Project("{9A19103F-16F7-4668-BE54-9A1E7A4F7556}") = "Application", "Application\Application.csproj", "{E16D2938-5601-4E8A-A922-D4442E75D8C4}"
EndProject
Project("{FAE04EC0-301F-11D3-BF4B-00C04F79EFBC}") = "Console Application", "Console Application\Console Application.csproj", "{E83C7B37-A2E5-4E9C-93A7-6CB71368C3DE}"
EndProject
Global
	GlobalSection(SolutionConfigurationPlatforms) = preSolution
		Debug|Any CPU = Debug|Any CPU
		Release|Any CPU = Release|Any CPU
	EndGlobalSection
	GlobalSection(ProjectConfigurationPlatforms) = postSolution
		{710CD18E-3C95-4EA0-869B-D813EB51C4AF}.Debug|Any CPU.ActiveCfg = Debug|Any CPU
		{710CD18E-3C95-4EA0-869B-D813EB51C4AF}.Debug|Any CPU.Build.0 = Debug|Any CPU
		{710CD18E-3C95-4EA0-869B-D813EB51C4AF}.Release|Any CPU.ActiveCfg = Release|Any CPU
		{710CD18E-3C95-4EA0-869B-D813EB51C4AF}.Release|Any CPU.Build.0 = Release|Any CPU
		{4EF14A89-533F-4C63-824F-2410D82FE9C5}.Debug|Any CPU.ActiveCfg = Debug|Any CPU
		{4EF14A89-533F-4C63-824F-2410D82FE9C5}.Debug|Any CPU.Build.0 = Debug|Any CPU
		{4EF14A89-533F-4C63-824F-2410D82FE9C5}.Release|Any CPU.ActiveCfg = Release|Any CPU
		{4EF14A89-533F-4C63-824F-2410D82FE9C5}.Release|Any CPU.Build.0 = Release|Any CPU
		{C32CC885-FE93-478A-B2FB-2A31FD0DAC94}.Debug|Any CPU.ActiveCfg = Debug|Any CPU
		{C32CC885-FE93-478A-B2FB-2A31FD0DAC94}.Debug|Any CPU.Build.0 = Debug|Any CPU
		{C32CC885-FE93-478A-B2FB-2A31FD0DAC94}.Release|Any CPU.ActiveCfg = Release|Any CPU
		{C32CC885-FE93-478A-B2FB-2A31FD0DAC94}.Release|Any CPU.Build.0 = Release|Any CPU
		{E16D2938-5601-4E8A-A922-D4442E75D8C4}.Debug|Any CPU.ActiveCfg = Debug|Any CPU
		{E16D2938-5601-4E8A-A922-D4442E75D8C4}.Debug|Any CPU.Build.0 = Debug|Any CPU
		{E16D2938-5601-4E8A-A922-D4442E75D8C4}.Release|Any CPU.ActiveCfg = Release|Any CPU
		{E16D2938-5601-4E8A-A922-D4442E75D8C4}.Release|Any CPU.Build.0 = Release|Any CPU
		{E83C7B37-A2E5-4E9C-93A7-6CB71368C3DE}.Debug|Any CPU.ActiveCfg = Debug|Any CPU
		{E83C7B37-A2E5-4E9C-93A7-6CB71368C3DE}.Debug|Any CPU.Build.0 = Debug|Any CPU
		{E83C7B37-A2E5-4E9C-93A7-6CB71368C3DE}.Release|Any CPU.ActiveCfg = Release|Any CPU
		{E83C7B37-A2E5-4E9C-93A7-6CB71368C3DE}.Release|Any CPU.Build.0 = Release|Any CPU
	EndGlobalSection
	GlobalSection(SolutionProperties) = preSolution
		HideSolutionNode = FALSE
	EndGlobalSection
	GlobalSection(ExtensibilityGlobals) = postSolution
		SolutionGuid = {38FD15D4-B12C-4E5B-A45E-37E24EF998D0}
	EndGlobalSection
EndGlobal
